// !$*UTF8*$!
{
	archiveVersion = 1;
	classes = {
	};
	objectVersion = 55;
	objects = {

/* Begin PBXBuildFile section */
		AE94BB072892DDF8008F76A1 /* Ios_coding_challenge_AaronApp.swift in Sources */ = {isa = PBXBuildFile; fileRef = AE94BB062892DDF8008F76A1 /* Ios_coding_challenge_AaronApp.swift */; };
		AE94BB092892DDF8008F76A1 /* ContentView.swift in Sources */ = {isa = PBXBuildFile; fileRef = AE94BB082892DDF8008F76A1 /* ContentView.swift */; };
		AE94BB0B2892DDFA008F76A1 /* Assets.xcassets in Resources */ = {isa = PBXBuildFile; fileRef = AE94BB0A2892DDFA008F76A1 /* Assets.xcassets */; };
		AE94BB0E2892DDFA008F76A1 /* Preview Assets.xcassets in Resources */ = {isa = PBXBuildFile; fileRef = AE94BB0D2892DDFA008F76A1 /* Preview Assets.xcassets */; };
		AE94BB152892DE27008F76A1 /* Model.swift in Sources */ = {isa = PBXBuildFile; fileRef = AE94BB142892DE27008F76A1 /* Model.swift */; };
		AE94BB172892E233008F76A1 /* ViewModel.swift in Sources */ = {isa = PBXBuildFile; fileRef = AE94BB162892E233008F76A1 /* ViewModel.swift */; };
		AE94BB1A2892ECF5008F76A1 /* Localizable.strings in Resources */ = {isa = PBXBuildFile; fileRef = AE94BB1C2892ECF5008F76A1 /* Localizable.strings */; };
		AE94BB1F2892F1CB008F76A1 /* SwiftUIView.swift in Sources */ = {isa = PBXBuildFile; fileRef = AE94BB1E2892F1CB008F76A1 /* SwiftUIView.swift */; };
		AE94BB212893908A008F76A1 /* SwiftUIViewModel.swift in Sources */ = {isa = PBXBuildFile; fileRef = AE94BB202893908A008F76A1 /* SwiftUIViewModel.swift */; };
/* End PBXBuildFile section */

/* Begin PBXFileReference section */
		AE94BB032892DDF8008F76A1 /* Ios-coding-challenge-Aaron.app */ = {isa = PBXFileReference; explicitFileType = wrapper.application; includeInIndex = 0; path = "Ios-coding-challenge-Aaron.app"; sourceTree = BUILT_PRODUCTS_DIR; };
		AE94BB062892DDF8008F76A1 /* Ios_coding_challenge_AaronApp.swift */ = {isa = PBXFileReference; lastKnownFileType = sourcecode.swift; path = Ios_coding_challenge_AaronApp.swift; sourceTree = "<group>"; };
		AE94BB082892DDF8008F76A1 /* ContentView.swift */ = {isa = PBXFileReference; lastKnownFileType = sourcecode.swift; path = ContentView.swift; sourceTree = "<group>"; };
		AE94BB0A2892DDFA008F76A1 /* Assets.xcassets */ = {isa = PBXFileReference; lastKnownFileType = folder.assetcatalog; path = Assets.xcassets; sourceTree = "<group>"; };
		AE94BB0D2892DDFA008F76A1 /* Preview Assets.xcassets */ = {isa = PBXFileReference; lastKnownFileType = folder.assetcatalog; path = "Preview Assets.xcassets"; sourceTree = "<group>"; };
		AE94BB142892DE27008F76A1 /* Model.swift */ = {isa = PBXFileReference; lastKnownFileType = sourcecode.swift; path = Model.swift; sourceTree = "<group>"; };
		AE94BB162892E233008F76A1 /* ViewModel.swift */ = {isa = PBXFileReference; lastKnownFileType = sourcecode.swift; path = ViewModel.swift; sourceTree = "<group>"; };
		AE94BB1B2892ECF5008F76A1 /* en */ = {isa = PBXFileReference; lastKnownFileType = text.plist.strings; name = en; path = en.lproj/Localizable.strings; sourceTree = "<group>"; };
		AE94BB1D2892ECF7008F76A1 /* es */ = {isa = PBXFileReference; lastKnownFileType = text.plist.strings; name = es; path = es.lproj/Localizable.strings; sourceTree = "<group>"; };
		AE94BB1E2892F1CB008F76A1 /* SwiftUIView.swift */ = {isa = PBXFileReference; lastKnownFileType = sourcecode.swift; path = SwiftUIView.swift; sourceTree = "<group>"; };
		AE94BB202893908A008F76A1 /* SwiftUIViewModel.swift */ = {isa = PBXFileReference; lastKnownFileType = sourcecode.swift; path = SwiftUIViewModel.swift; sourceTree = "<group>"; };
/* End PBXFileReference section */

/* Begin PBXFrameworksBuildPhase section */
		AE94BB002892DDF8008F76A1 /* Frameworks */ = {
			isa = PBXFrameworksBuildPhase;
			buildActionMask = 2147483647;
			files = (
			);
			runOnlyForDeploymentPostprocessing = 0;
		};
/* End PBXFrameworksBuildPhase section */

/* Begin PBXGroup section */
		AE94BAFA2892DDF8008F76A1 = {
			isa = PBXGroup;
			children = (
				AE94BB1C2892ECF5008F76A1 /* Localizable.strings */,
				AE94BB052892DDF8008F76A1 /* Ios-coding-challenge-Aaron */,
				AE94BB042892DDF8008F76A1 /* Products */,
			);
			sourceTree = "<group>";
		};
		AE94BB042892DDF8008F76A1 /* Products */ = {
			isa = PBXGroup;
			children = (
				AE94BB032892DDF8008F76A1 /* Ios-coding-challenge-Aaron.app */,
			);
			name = Products;
			sourceTree = "<group>";
		};
		AE94BB052892DDF8008F76A1 /* Ios-coding-challenge-Aaron */ = {
			isa = PBXGroup;
			children = (
				AE94BB062892DDF8008F76A1 /* Ios_coding_challenge_AaronApp.swift */,
				AE94BB082892DDF8008F76A1 /* ContentView.swift */,
				AE94BB1E2892F1CB008F76A1 /* SwiftUIView.swift */,
				AE94BB202893908A008F76A1 /* SwiftUIViewModel.swift */,
				AE94BB162892E233008F76A1 /* ViewModel.swift */,
				AE94BB142892DE27008F76A1 /* Model.swift */,
				AE94BB0A2892DDFA008F76A1 /* Assets.xcassets */,
				AE94BB0C2892DDFA008F76A1 /* Preview Content */,
			);
			path = "Ios-coding-challenge-Aaron";
			sourceTree = "<group>";
		};
		AE94BB0C2892DDFA008F76A1 /* Preview Content */ = {
			isa = PBXGroup;
			children = (
				AE94BB0D2892DDFA008F76A1 /* Preview Assets.xcassets */,
			);
			path = "Preview Content";
			sourceTree = "<group>";
		};
/* End PBXGroup section */

/* Begin PBXNativeTarget section */
		AE94BB022892DDF8008F76A1 /* Ios-coding-challenge-Aaron */ = {
			isa = PBXNativeTarget;
			buildConfigurationList = AE94BB112892DDFA008F76A1 /* Build configuration list for PBXNativeTarget "Ios-coding-challenge-Aaron" */;
			buildPhases = (
				AE94BAFF2892DDF8008F76A1 /* Sources */,
				AE94BB002892DDF8008F76A1 /* Frameworks */,
				AE94BB012892DDF8008F76A1 /* Resources */,
			);
			buildRules = (
			);
			dependencies = (
			);
			name = "Ios-coding-challenge-Aaron";
			productName = "Ios-coding-challenge-Aaron";
			productReference = AE94BB032892DDF8008F76A1 /* Ios-coding-challenge-Aaron.app */;
			productType = "com.apple.product-type.application";
		};
/* End PBXNativeTarget section */

/* Begin PBXProject section */
		AE94BAFB2892DDF8008F76A1 /* Project object */ = {
			isa = PBXProject;
			attributes = {
				BuildIndependentTargetsInParallel = 1;
				LastSwiftUpdateCheck = 1340;
				LastUpgradeCheck = 1340;
				TargetAttributes = {
					AE94BB022892DDF8008F76A1 = {
						CreatedOnToolsVersion = 13.4;
					};
				};
			};
			buildConfigurationList = AE94BAFE2892DDF8008F76A1 /* Build configuration list for PBXProject "Ios-coding-challenge-Aaron" */;
			compatibilityVersion = "Xcode 13.0";
			developmentRegion = en;
			hasScannedForEncodings = 0;
			knownRegions = (
				en,
				Base,
				es,
			);
			mainGroup = AE94BAFA2892DDF8008F76A1;
			productRefGroup = AE94BB042892DDF8008F76A1 /* Products */;
			projectDirPath = "";
			projectRoot = "";
			targets = (
				AE94BB022892DDF8008F76A1 /* Ios-coding-challenge-Aaron */,
			);
		};
/* End PBXProject section */

/* Begin PBXResourcesBuildPhase section */
		AE94BB012892DDF8008F76A1 /* Resources */ = {
			isa = PBXResourcesBuildPhase;
			buildActionMask = 2147483647;
			files = (
				AE94BB0E2892DDFA008F76A1 /* Preview Assets.xcassets in Resources */,
				AE94BB1A2892ECF5008F76A1 /* Localizable.strings in Resources */,
				AE94BB0B2892DDFA008F76A1 /* Assets.xcassets in Resources */,
			);
			runOnlyForDeploymentPostprocessing = 0;
		};
/* End PBXResourcesBuildPhase section */

/* Begin PBXSourcesBuildPhase section */
		AE94BAFF2892DDF8008F76A1 /* Sources */ = {
			isa = PBXSourcesBuildPhase;
			buildActionMask = 2147483647;
			files = (
				AE94BB152892DE27008F76A1 /* Model.swift in Sources */,
				AE94BB092892DDF8008F76A1 /* ContentView.swift in Sources */,
				AE94BB212893908A008F76A1 /* SwiftUIViewModel.swift in Sources */,
				AE94BB172892E233008F76A1 /* ViewModel.swift in Sources */,
				AE94BB072892DDF8008F76A1 /* Ios_coding_challenge_AaronApp.swift in Sources */,
				AE94BB1F2892F1CB008F76A1 /* SwiftUIView.swift in Sources */,
			);
			runOnlyForDeploymentPostprocessing = 0;
		};
/* End PBXSourcesBuildPhase section */

/* Begin PBXVariantGroup section */
		AE94BB1C2892ECF5008F76A1 /* Localizable.strings */ = {
			isa = PBXVariantGroup;
			children = (
				AE94BB1B2892ECF5008F76A1 /* en */,
				AE94BB1D2892ECF7008F76A1 /* es */,
			);
			name = Localizable.strings;
			sourceTree = "<group>";
		};
/* End PBXVariantGroup section */

/* Begin XCBuildConfiguration section */
		AE94BB0F2892DDFA008F76A1 /* Debug */ = {
			isa = XCBuildConfiguration;
			buildSettings = {
				ALWAYS_SEARCH_USER_PATHS = NO;
				CLANG_ANALYZER_NONNULL = YES;
				CLANG_ANALYZER_NUMBER_OBJECT_CONVERSION = YES_AGGRESSIVE;
				CLANG_CXX_LANGUAGE_STANDARD = "gnu++17";
				CLANG_ENABLE_MODULES = YES;
				CLANG_ENABLE_OBJC_ARC = YES;
				CLANG_ENABLE_OBJC_WEAK = YES;
				CLANG_WARN_BLOCK_CAPTURE_AUTORELEASING = YES;
				CLANG_WARN_BOOL_CONVERSION = YES;
				CLANG_WARN_COMMA = YES;
				CLANG_WARN_CONSTANT_CONVERSION = YES;
				CLANG_WARN_DEPRECATED_OBJC_IMPLEMENTATIONS = YES;
				CLANG_WARN_DIRECT_OBJC_ISA_USAGE = YES_ERROR;
				CLANG_WARN_DOCUMENTATION_COMMENTS = YES;
				CLANG_WARN_EMPTY_BODY = YES;
				CLANG_WARN_ENUM_CONVERSION = YES;
				CLANG_WARN_INFINITE_RECURSION = YES;
				CLANG_WARN_INT_CONVERSION = YES;
				CLANG_WARN_NON_LITERAL_NULL_CONVERSION = YES;
				CLANG_WARN_OBJC_IMPLICIT_RETAIN_SELF = YES;
				CLANG_WARN_OBJC_LITERAL_CONVERSION = YES;
				CLANG_WARN_OBJC_ROOT_CLASS = YES_ERROR;
				CLANG_WARN_QUOTED_INCLUDE_IN_FRAMEWORK_HEADER = YES;
				CLANG_WARN_RANGE_LOOP_ANALYSIS = YES;
				CLANG_WARN_STRICT_PROTOTYPES = YES;
				CLANG_WARN_SUSPICIOUS_MOVE = YES;
				CLANG_WARN_UNGUARDED_AVAILABILITY = YES_AGGRESSIVE;
				CLANG_WARN_UNREACHABLE_CODE = YES;
				CLANG_WARN__DUPLICATE_METHOD_MATCH = YES;
				COPY_PHASE_STRIP = NO;
				DEBUG_INFORMATION_FORMAT = dwarf;
				ENABLE_STRICT_OBJC_MSGSEND = YES;
				ENABLE_TESTABILITY = YES;
				GCC_C_LANGUAGE_STANDARD = gnu11;
				GCC_DYNAMIC_NO_PIC = NO;
				GCC_NO_COMMON_BLOCKS = YES;
				GCC_OPTIMIZATION_LEVEL = 0;
				GCC_PREPROCESSOR_DEFINITIONS = (
					"DEBUG=1",
					"$(inherited)",
				);
				GCC_WARN_64_TO_32_BIT_CONVERSION = YES;
				GCC_WARN_ABOUT_RETURN_TYPE = YES_ERROR;
				GCC_WARN_UNDECLARED_SELECTOR = YES;
				GCC_WARN_UNINITIALIZED_AUTOS = YES_AGGRESSIVE;
				GCC_WARN_UNUSED_FUNCTION = YES;
				GCC_WARN_UNUSED_VARIABLE = YES;
				IPHONEOS_DEPLOYMENT_TARGET = 15.5;
				MTL_ENABLE_DEBUG_INFO = INCLUDE_SOURCE;
				MTL_FAST_MATH = YES;
				ONLY_ACTIVE_ARCH = YES;
				SDKROOT = iphoneos;
				SWIFT_ACTIVE_COMPILATION_CONDITIONS = DEBUG;
				SWIFT_OPTIMIZATION_LEVEL = "-Onone";
			};
			name = Debug;
		};
		AE94BB102892DDFA008F76A1 /* Release */ = {
			isa = XCBuildConfiguration;
			buildSettings = {
				ALWAYS_SEARCH_USER_PATHS = NO;
				CLANG_ANALYZER_NONNULL = YES;
				CLANG_ANALYZER_NUMBER_OBJECT_CONVERSION = YES_AGGRESSIVE;
				CLANG_CXX_LANGUAGE_STANDARD = "gnu++17";
				CLANG_ENABLE_MODULES = YES;
				CLANG_ENABLE_OBJC_ARC = YES;
				CLANG_ENABLE_OBJC_WEAK = YES;
				CLANG_WARN_BLOCK_CAPTURE_AUTORELEASING = YES;
				CLANG_WARN_BOOL_CONVERSION = YES;
				CLANG_WARN_COMMA = YES;
				CLANG_WARN_CONSTANT_CONVERSION = YES;
				CLANG_WARN_DEPRECATED_OBJC_IMPLEMENTATIONS = YES;
				CLANG_WARN_DIRECT_OBJC_ISA_USAGE = YES_ERROR;
				CLANG_WARN_DOCUMENTATION_COMMENTS = YES;
				CLANG_WARN_EMPTY_BODY = YES;
				CLANG_WARN_ENUM_CONVERSION = YES;
				CLANG_WARN_INFINITE_RECURSION = YES;
				CLANG_WARN_INT_CONVERSION = YES;
				CLANG_WARN_NON_LITERAL_NULL_CONVERSION = YES;
				CLANG_WARN_OBJC_IMPLICIT_RETAIN_SELF = YES;
				CLANG_WARN_OBJC_LITERAL_CONVERSION = YES;
				CLANG_WARN_OBJC_ROOT_CLASS = YES_ERROR;
				CLANG_WARN_QUOTED_INCLUDE_IN_FRAMEWORK_HEADER = YES;
				CLANG_WARN_RANGE_LOOP_ANALYSIS = YES;
				CLANG_WARN_STRICT_PROTOTYPES = YES;
				CLANG_WARN_SUSPICIOUS_MOVE = YES;
				CLANG_WARN_UNGUARDED_AVAILABILITY = YES_AGGRESSIVE;
				CLANG_WARN_UNREACHABLE_CODE = YES;
				CLANG_WARN__DUPLICATE_METHOD_MATCH = YES;
				COPY_PHASE_STRIP = NO;
				DEBUG_INFORMATION_FORMAT = "dwarf-with-dsym";
				ENABLE_NS_ASSERTIONS = NO;
				ENABLE_STRICT_OBJC_MSGSEND = YES;
				GCC_C_LANGUAGE_STANDARD = gnu11;
				GCC_NO_COMMON_BLOCKS = YES;
				GCC_WARN_64_TO_32_BIT_CONVERSION = YES;
				GCC_WARN_ABOUT_RETURN_TYPE = YES_ERROR;
				GCC_WARN_UNDECLARED_SELECTOR = YES;
				GCC_WARN_UNINITIALIZED_AUTOS = YES_AGGRESSIVE;
				GCC_WARN_UNUSED_FUNCTION = YES;
				GCC_WARN_UNUSED_VARIABLE = YES;
				IPHONEOS_DEPLOYMENT_TARGET = 15.5;
				MTL_ENABLE_DEBUG_INFO = NO;
				MTL_FAST_MATH = YES;
				SDKROOT = iphoneos;
				SWIFT_COMPILATION_MODE = wholemodule;
				SWIFT_OPTIMIZATION_LEVEL = "-O";
				VALIDATE_PRODUCT = YES;
			};
			name = Release;
		};
		AE94BB122892DDFA008F76A1 /* Debug */ = {
			isa = XCBuildConfiguration;
			buildSettings = {
				ASSETCATALOG_COMPILER_APPICON_NAME = AppIcon;
				ASSETCATALOG_COMPILER_GLOBAL_ACCENT_COLOR_NAME = AccentColor;
				CODE_SIGN_STYLE = Automatic;
				CURRENT_PROJECT_VERSION = 1;
				DEVELOPMENT_ASSET_PATHS = "\"Ios-coding-challenge-Aaron/Preview Content\"";
				ENABLE_PREVIEWS = YES;
				GENERATE_INFOPLIST_FILE = YES;
				INFOPLIST_KEY_UIApplicationSceneManifest_Generation = YES;
				INFOPLIST_KEY_UIApplicationSupportsIndirectInputEvents = YES;
				INFOPLIST_KEY_UILaunchScreen_Generation = YES;
				INFOPLIST_KEY_UISupportedInterfaceOrientations_iPad = "UIInterfaceOrientationPortrait UIInterfaceOrientationPortraitUpsideDown UIInterfaceOrientationLandscapeLeft UIInterfaceOrientationLandscapeRight";
				INFOPLIST_KEY_UISupportedInterfaceOrientations_iPhone = "UIInterfaceOrientationPortrait UIInterfaceOrientationLandscapeLeft UIInterfaceOrientationLandscapeRight";
				LD_RUNPATH_SEARCH_PATHS = (
					"$(inherited)",
					"@executable_path/Frameworks",
				);
				MARKETING_VERSION = 1.0;
				PRODUCT_BUNDLE_IDENTIFIER = "practice.Ios-coding-challenge-Aaron";
				PRODUCT_NAME = "$(TARGET_NAME)";
				SWIFT_EMIT_LOC_STRINGS = YES;
				SWIFT_VERSION = 5.0;
				TARGETED_DEVICE_FAMILY = "1,2";
			};
			name = Debug;
		};
		AE94BB132892DDFA008F76A1 /* Release */ = {
			isa = XCBuildConfiguration;
			buildSettings = {
				ASSETCATALOG_COMPILER_APPICON_NAME = AppIcon;
				ASSETCATALOG_COMPILER_GLOBAL_ACCENT_COLOR_NAME = AccentColor;
				CODE_SIGN_STYLE = Automatic;
				CURRENT_PROJECT_VERSION = 1;
				DEVELOPMENT_ASSET_PATHS = "\"Ios-coding-challenge-Aaron/Preview Content\"";
				ENABLE_PREVIEWS = YES;
				GENERATE_INFOPLIST_FILE = YES;
				INFOPLIST_KEY_UIApplicationSceneManifest_Generation = YES;
				INFOPLIST_KEY_UIApplicationSupportsIndirectInputEvents = YES;
				INFOPLIST_KEY_UILaunchScreen_Generation = YES;
				INFOPLIST_KEY_UISupportedInterfaceOrientations_iPad = "UIInterfaceOrientationPortrait UIInterfaceOrientationPortraitUpsideDown UIInterfaceOrientationLandscapeLeft UIInterfaceOrientationLandscapeRight";
				INFOPLIST_KEY_UISupportedInterfaceOrientations_iPhone = "UIInterfaceOrientationPortrait UIInterfaceOrientationLandscapeLeft UIInterfaceOrientationLandscapeRight";
				LD_RUNPATH_SEARCH_PATHS = (
					"$(inherited)",
					"@executable_path/Frameworks",
				);
				MARKETING_VERSION = 1.0;
				PRODUCT_BUNDLE_IDENTIFIER = "practice.Ios-coding-challenge-Aaron";
				PRODUCT_NAME = "$(TARGET_NAME)";
				SWIFT_EMIT_LOC_STRINGS = YES;
				SWIFT_VERSION = 5.0;
				TARGETED_DEVICE_FAMILY = "1,2";
			};
			name = Release;
		};
/* End XCBuildConfiguration section */

/* Begin XCConfigurationList section */
		AE94BAFE2892DDF8008F76A1 /* Build configuration list for PBXProject "Ios-coding-challenge-Aaron" */ = {
			isa = XCConfigurationList;
			buildConfigurations = (
				AE94BB0F2892DDFA008F76A1 /* Debug */,
				AE94BB102892DDFA008F76A1 /* Release */,
			);
			defaultConfigurationIsVisible = 0;
			defaultConfigurationName = Release;
		};
		AE94BB112892DDFA008F76A1 /* Build configuration list for PBXNativeTarget "Ios-coding-challenge-Aaron" */ = {
			isa = XCConfigurationList;
			buildConfigurations = (
				AE94BB122892DDFA008F76A1 /* Debug */,
				AE94BB132892DDFA008F76A1 /* Release */,
			);
			defaultConfigurationIsVisible = 0;
			defaultConfigurationName = Release;
		};
/* End XCConfigurationList section */
	};
	rootObject = AE94BAFB2892DDF8008F76A1 /* Project object */;
}
